
Microsoft Visual Studio Solution File, Format Version 12.00
# Visual Studio Version 17
VisualStudioVersion = 17.14.36414.22 d17.14
MinimumVisualStudioVersion = 10.0.40219.1
Project("{FAE04EC0-301F-11D3-BF4B-00C04F79EFBC}") = "Producer", "Producer\Producer.csproj", "{B99A6C69-EAAE-4CD7-B83C-1F9F5599BE86}"
EndProject
Global
	GlobalSection(SolutionConfigurationPlatforms) = preSolution
		Debug|Any CPU = Debug|Any CPU
		Release|Any CPU = Release|Any CPU
	EndGlobalSection
	GlobalSection(ProjectConfigurationPlatforms) = postSolution
		{B99A6C69-EAAE-4CD7-B83C-1F9F5599BE86}.Debug|Any CPU.ActiveCfg = Debug|Any CPU
		{B99A6C69-EAAE-4CD7-B83C-1F9F5599BE86}.Debug|Any CPU.Build.0 = Debug|Any CPU
		{B99A6C69-EAAE-4CD7-B83C-1F9F5599BE86}.Release|Any CPU.ActiveCfg = Release|Any CPU
		{B99A6C69-EAAE-4CD7-B83C-1F9F5599BE86}.Release|Any CPU.Build.0 = Release|Any CPU
	EndGlobalSection
	GlobalSection(SolutionProperties) = preSolution
		HideSolutionNode = FALSE
	EndGlobalSection
	GlobalSection(ExtensibilityGlobals) = postSolution
		SolutionGuid = {4FF08B04-9402-47A2-ACF1-B7CEB8681927}
	EndGlobalSection
EndGlobal
